
Microsoft Visual Studio Solution File, Format Version 12.00
# Visual Studio Version 17
VisualStudioVersion = 17.14.36401.2
MinimumVisualStudioVersion = 10.0.40219.1
Project("{FAE04EC0-301F-11D3-BF4B-00C04F79EFBC}") = "IncomeMeter.Api", "IncomeMeter.Api\IncomeMeter.Api.csproj", "{1900E89C-6FAB-4ED0-835C-819DBD071900}"
EndProject
Project("{FAE04EC0-301F-11D3-BF4B-00C04F79EFBC}") = "IncomeMeter.Api.Tests", "IncomeMeter.Api.Tests\IncomeMeter.Api.Tests.csproj", "{B5D5A5E8-9A3F-4B2F-8C1D-2E5A6F7B8C9D}"
EndProject
Global
	GlobalSection(SolutionConfigurationPlatforms) = preSolution
		Debug|Any CPU = Debug|Any CPU
		Release|Any CPU = Release|Any CPU
	EndGlobalSection
	GlobalSection(ProjectConfigurationPlatforms) = postSolution
		{1900E89C-6FAB-4ED0-835C-819DBD071900}.Debug|Any CPU.ActiveCfg = Debug|Any CPU
		{1900E89C-6FAB-4ED0-835C-819DBD071900}.Debug|Any CPU.Build.0 = Debug|Any CPU
		{1900E89C-6FAB-4ED0-835C-819DBD071900}.Release|Any CPU.ActiveCfg = Release|Any CPU
		{1900E89C-6FAB-4ED0-835C-819DBD071900}.Release|Any CPU.Build.0 = Release|Any CPU
		{B5D5A5E8-9A3F-4B2F-8C1D-2E5A6F7B8C9D}.Debug|Any CPU.ActiveCfg = Debug|Any CPU
		{B5D5A5E8-9A3F-4B2F-8C1D-2E5A6F7B8C9D}.Debug|Any CPU.Build.0 = Debug|Any CPU
		{B5D5A5E8-9A3F-4B2F-8C1D-2E5A6F7B8C9D}.Release|Any CPU.ActiveCfg = Release|Any CPU
		{B5D5A5E8-9A3F-4B2F-8C1D-2E5A6F7B8C9D}.Release|Any CPU.Build.0 = Release|Any CPU
	EndGlobalSection
	GlobalSection(SolutionProperties) = preSolution
		HideSolutionNode = FALSE
	EndGlobalSection
	GlobalSection(ExtensibilityGlobals) = postSolution
		SolutionGuid = {2E80AA64-F14B-487C-B214-9F7A8BE300A5}
	EndGlobalSection
EndGlobal
